// !$*UTF8*$!
{
	archiveVersion = 1;
	classes = {
	};
	objectVersion = 55;
	objects = {

/* Begin PBXBuildFile section */
		2290A8A3288736140045D9B4 /* AppDelegate.swift in Sources */ = {isa = PBXBuildFile; fileRef = 2290A8A2288736140045D9B4 /* AppDelegate.swift */; };
		2290A8A5288736140045D9B4 /* SceneDelegate.swift in Sources */ = {isa = PBXBuildFile; fileRef = 2290A8A4288736140045D9B4 /* SceneDelegate.swift */; };
		2290A8AA288736140045D9B4 /* Main.storyboard in Resources */ = {isa = PBXBuildFile; fileRef = 2290A8A8288736140045D9B4 /* Main.storyboard */; };
		2290A8AC288736190045D9B4 /* Assets.xcassets in Resources */ = {isa = PBXBuildFile; fileRef = 2290A8AB288736190045D9B4 /* Assets.xcassets */; };
		2290A8AF288736190045D9B4 /* LaunchScreen.storyboard in Resources */ = {isa = PBXBuildFile; fileRef = 2290A8AD288736190045D9B4 /* LaunchScreen.storyboard */; };
		22DFF664289041F90037EEF5 /* PhotosViewController.swift in Sources */ = {isa = PBXBuildFile; fileRef = 22DFF663289041F70037EEF5 /* PhotosViewController.swift */; };
		22DFF66628904C400037EEF5 /* PhotoCell.swift in Sources */ = {isa = PBXBuildFile; fileRef = 22DFF66528904C3F0037EEF5 /* PhotoCell.swift */; };
		22DFF668289071740037EEF5 /* SecondPhotoViewController.swift in Sources */ = {isa = PBXBuildFile; fileRef = 22DFF667289071730037EEF5 /* SecondPhotoViewController.swift */; };
/* End PBXBuildFile section */

/* Begin PBXFileReference section */
		2290A89F288736140045D9B4 /* PhotoTabbs.app */ = {isa = PBXFileReference; explicitFileType = wrapper.application; includeInIndex = 0; path = PhotoTabbs.app; sourceTree = BUILT_PRODUCTS_DIR; };
		2290A8A2288736140045D9B4 /* AppDelegate.swift */ = {isa = PBXFileReference; lastKnownFileType = sourcecode.swift; path = AppDelegate.swift; sourceTree = "<group>"; };
		2290A8A4288736140045D9B4 /* SceneDelegate.swift */ = {isa = PBXFileReference; lastKnownFileType = sourcecode.swift; path = SceneDelegate.swift; sourceTree = "<group>"; };
		2290A8A9288736140045D9B4 /* Base */ = {isa = PBXFileReference; lastKnownFileType = file.storyboard; name = Base; path = Base.lproj/Main.storyboard; sourceTree = "<group>"; };
		2290A8AB288736190045D9B4 /* Assets.xcassets */ = {isa = PBXFileReference; lastKnownFileType = folder.assetcatalog; path = Assets.xcassets; sourceTree = "<group>"; };
		2290A8AE288736190045D9B4 /* Base */ = {isa = PBXFileReference; lastKnownFileType = file.storyboard; name = Base; path = Base.lproj/LaunchScreen.storyboard; sourceTree = "<group>"; };
		2290A8B0288736190045D9B4 /* Info.plist */ = {isa = PBXFileReference; lastKnownFileType = text.plist.xml; path = Info.plist; sourceTree = "<group>"; };
		22DFF663289041F70037EEF5 /* PhotosViewController.swift */ = {isa = PBXFileReference; lastKnownFileType = sourcecode.swift; path = PhotosViewController.swift; sourceTree = "<group>"; };
		22DFF66528904C3F0037EEF5 /* PhotoCell.swift */ = {isa = PBXFileReference; lastKnownFileType = sourcecode.swift; path = PhotoCell.swift; sourceTree = "<group>"; };
		22DFF667289071730037EEF5 /* SecondPhotoViewController.swift */ = {isa = PBXFileReference; lastKnownFileType = sourcecode.swift; path = SecondPhotoViewController.swift; sourceTree = "<group>"; };
/* End PBXFileReference section */

/* Begin PBXFrameworksBuildPhase section */
		2290A89C288736140045D9B4 /* Frameworks */ = {
			isa = PBXFrameworksBuildPhase;
			buildActionMask = 2147483647;
			files = (
			);
			runOnlyForDeploymentPostprocessing = 0;
		};
/* End PBXFrameworksBuildPhase section */

/* Begin PBXGroup section */
		2290A896288736140045D9B4 = {
			isa = PBXGroup;
			children = (
				2290A8A1288736140045D9B4 /* PhotoTabbs */,
				2290A8A0288736140045D9B4 /* Products */,
			);
			sourceTree = "<group>";
		};
		2290A8A0288736140045D9B4 /* Products */ = {
			isa = PBXGroup;
			children = (
				2290A89F288736140045D9B4 /* PhotoTabbs.app */,
			);
			name = Products;
			sourceTree = "<group>";
		};
		2290A8A1288736140045D9B4 /* PhotoTabbs */ = {
			isa = PBXGroup;
			children = (
				2290A8A2288736140045D9B4 /* AppDelegate.swift */,
				2290A8A4288736140045D9B4 /* SceneDelegate.swift */,
				22DFF663289041F70037EEF5 /* PhotosViewController.swift */,
				22DFF667289071730037EEF5 /* SecondPhotoViewController.swift */,
				22DFF66528904C3F0037EEF5 /* PhotoCell.swift */,
				2290A8A8288736140045D9B4 /* Main.storyboard */,
				2290A8AB288736190045D9B4 /* Assets.xcassets */,
				2290A8AD288736190045D9B4 /* LaunchScreen.storyboard */,
				2290A8B0288736190045D9B4 /* Info.plist */,
			);
			path = PhotoTabbs;
			sourceTree = "<group>";
		};
/* End PBXGroup section */

/* Begin PBXNativeTarget section */
		2290A89E288736140045D9B4 /* PhotoTabbs */ = {
			isa = PBXNativeTarget;
			buildConfigurationList = 2290A8B3288736190045D9B4 /* Build configuration list for PBXNativeTarget "PhotoTabbs" */;
			buildPhases = (
				2290A89B288736140045D9B4 /* Sources */,
				2290A89C288736140045D9B4 /* Frameworks */,
				2290A89D288736140045D9B4 /* Resources */,
			);
			buildRules = (
			);
			dependencies = (
			);
			name = PhotoTabbs;
			productName = PhotoTabbs;
			productReference = 2290A89F288736140045D9B4 /* PhotoTabbs.app */;
			productType = "com.apple.product-type.application";
		};
/* End PBXNativeTarget section */

/* Begin PBXProject section */
		2290A897288736140045D9B4 /* Project object */ = {
			isa = PBXProject;
			attributes = {
				BuildIndependentTargetsInParallel = 1;
				LastSwiftUpdateCheck = 1340;
				LastUpgradeCheck = 1340;
				TargetAttributes = {
					2290A89E288736140045D9B4 = {
						CreatedOnToolsVersion = 13.4.1;
					};
				};
			};
			buildConfigurationList = 2290A89A288736140045D9B4 /* Build configuration list for PBXProject "PhotoTabbs" */;
			compatibilityVersion = "Xcode 13.0";
			developmentRegion = en;
			hasScannedForEncodings = 0;
			knownRegions = (
				en,
				Base,
			);
			mainGroup = 2290A896288736140045D9B4;
			productRefGroup = 2290A8A0288736140045D9B4 /* Products */;
			projectDirPath = "";
			projectRoot = "";
			targets = (
				2290A89E288736140045D9B4 /* PhotoTabbs */,
			);
		};
/* End PBXProject section */

/* Begin PBXResourcesBuildPhase section */
		2290A89D288736140045D9B4 /* Resources */ = {
			isa = PBXResourcesBuildPhase;
			buildActionMask = 2147483647;
			files = (
				2290A8AF288736190045D9B4 /* LaunchScreen.storyboard in Resources */,
				2290A8AC288736190045D9B4 /* Assets.xcassets in Resources */,
				2290A8AA288736140045D9B4 /* Main.storyboard in Resources */,
			);
			runOnlyForDeploymentPostprocessing = 0;
		};
/* End PBXResourcesBuildPhase section */

/* Begin PBXSourcesBuildPhase section */
		2290A89B288736140045D9B4 /* Sources */ = {
			isa = PBXSourcesBuildPhase;
			buildActionMask = 2147483647;
			files = (
				22DFF66628904C400037EEF5 /* PhotoCell.swift in Sources */,
				22DFF664289041F90037EEF5 /* PhotosViewController.swift in Sources */,
				2290A8A3288736140045D9B4 /* AppDelegate.swift in Sources */,
				22DFF668289071740037EEF5 /* SecondPhotoViewController.swift in Sources */,
				2290A8A5288736140045D9B4 /* SceneDelegate.swift in Sources */,
			);
			runOnlyForDeploymentPostprocessing = 0;
		};
/* End PBXSourcesBuildPhase section */

/* Begin PBXVariantGroup section */
		2290A8A8288736140045D9B4 /* Main.storyboard */ = {
			isa = PBXVariantGroup;
			children = (
				2290A8A9288736140045D9B4 /* Base */,
			);
			name = Main.storyboard;
			sourceTree = "<group>";
		};
		2290A8AD288736190045D9B4 /* LaunchScreen.storyboard */ = {
			isa = PBXVariantGroup;
			children = (
				2290A8AE288736190045D9B4 /* Base */,
			);
			name = LaunchScreen.storyboard;
			sourceTree = "<group>";
		};
/* End PBXVariantGroup section */

/* Begin XCBuildConfiguration section */
		2290A8B1288736190045D9B4 /* Debug */ = {
			isa = XCBuildConfiguration;
			buildSettings = {
				ALWAYS_SEARCH_USER_PATHS = NO;
				CLANG_ANALYZER_NONNULL = YES;
				CLANG_ANALYZER_NUMBER_OBJECT_CONVERSION = YES_AGGRESSIVE;
				CLANG_CXX_LANGUAGE_STANDARD = "gnu++17";
				CLANG_ENABLE_MODULES = YES;
				CLANG_ENABLE_OBJC_ARC = YES;
				CLANG_ENABLE_OBJC_WEAK = YES;
				CLANG_WARN_BLOCK_CAPTURE_AUTORELEASING = YES;
				CLANG_WARN_BOOL_CONVERSION = YES;
				CLANG_WARN_COMMA = YES;
				CLANG_WARN_CONSTANT_CONVERSION = YES;
				CLANG_WARN_DEPRECATED_OBJC_IMPLEMENTATIONS = YES;
				CLANG_WARN_DIRECT_OBJC_ISA_USAGE = YES_ERROR;
				CLANG_WARN_DOCUMENTATION_COMMENTS = YES;
				CLANG_WARN_EMPTY_BODY = YES;
				CLANG_WARN_ENUM_CONVERSION = YES;
				CLANG_WARN_INFINITE_RECURSION = YES;
				CLANG_WARN_INT_CONVERSION = YES;
				CLANG_WARN_NON_LITERAL_NULL_CONVERSION = YES;
				CLANG_WARN_OBJC_IMPLICIT_RETAIN_SELF = YES;
				CLANG_WARN_OBJC_LITERAL_CONVERSION = YES;
				CLANG_WARN_OBJC_ROOT_CLASS = YES_ERROR;
				CLANG_WARN_QUOTED_INCLUDE_IN_FRAMEWORK_HEADER = YES;
				CLANG_WARN_RANGE_LOOP_ANALYSIS = YES;
				CLANG_WARN_STRICT_PROTOTYPES = YES;
				CLANG_WARN_SUSPICIOUS_MOVE = YES;
				CLANG_WARN_UNGUARDED_AVAILABILITY = YES_AGGRESSIVE;
				CLANG_WARN_UNREACHABLE_CODE = YES;
				CLANG_WARN__DUPLICATE_METHOD_MATCH = YES;
				COPY_PHASE_STRIP = NO;
				DEBUG_INFORMATION_FORMAT = dwarf;
				ENABLE_STRICT_OBJC_MSGSEND = YES;
				ENABLE_TESTABILITY = YES;
				GCC_C_LANGUAGE_STANDARD = gnu11;
				GCC_DYNAMIC_NO_PIC = NO;
				GCC_NO_COMMON_BLOCKS = YES;
				GCC_OPTIMIZATION_LEVEL = 0;
				GCC_PREPROCESSOR_DEFINITIONS = (
					"DEBUG=1",
					"$(inherited)",
				);
				GCC_WARN_64_TO_32_BIT_CONVERSION = YES;
				GCC_WARN_ABOUT_RETURN_TYPE = YES_ERROR;
				GCC_WARN_UNDECLARED_SELECTOR = YES;
				GCC_WARN_UNINITIALIZED_AUTOS = YES_AGGRESSIVE;
				GCC_WARN_UNUSED_FUNCTION = YES;
				GCC_WARN_UNUSED_VARIABLE = YES;
				IPHONEOS_DEPLOYMENT_TARGET = 15.5;
				MTL_ENABLE_DEBUG_INFO = INCLUDE_SOURCE;
				MTL_FAST_MATH = YES;
				ONLY_ACTIVE_ARCH = YES;
				SDKROOT = iphoneos;
				SWIFT_ACTIVE_COMPILATION_CONDITIONS = DEBUG;
				SWIFT_OPTIMIZATION_LEVEL = "-Onone";
			};
			name = Debug;
		};
		2290A8B2288736190045D9B4 /* Release */ = {
			isa = XCBuildConfiguration;
			buildSettings = {
				ALWAYS_SEARCH_USER_PATHS = NO;
				CLANG_ANALYZER_NONNULL = YES;
				CLANG_ANALYZER_NUMBER_OBJECT_CONVERSION = YES_AGGRESSIVE;
				CLANG_CXX_LANGUAGE_STANDARD = "gnu++17";
				CLANG_ENABLE_MODULES = YES;
				CLANG_ENABLE_OBJC_ARC = YES;
				CLANG_ENABLE_OBJC_WEAK = YES;
				CLANG_WARN_BLOCK_CAPTURE_AUTORELEASING = YES;
				CLANG_WARN_BOOL_CONVERSION = YES;
				CLANG_WARN_COMMA = YES;
				CLANG_WARN_CONSTANT_CONVERSION = YES;
				CLANG_WARN_DEPRECATED_OBJC_IMPLEMENTATIONS = YES;
				CLANG_WARN_DIRECT_OBJC_ISA_USAGE = YES_ERROR;
				CLANG_WARN_DOCUMENTATION_COMMENTS = YES;
				CLANG_WARN_EMPTY_BODY = YES;
				CLANG_WARN_ENUM_CONVERSION = YES;
				CLANG_WARN_INFINITE_RECURSION = YES;
				CLANG_WARN_INT_CONVERSION = YES;
				CLANG_WARN_NON_LITERAL_NULL_CONVERSION = YES;
				CLANG_WARN_OBJC_IMPLICIT_RETAIN_SELF = YES;
				CLANG_WARN_OBJC_LITERAL_CONVERSION = YES;
				CLANG_WARN_OBJC_ROOT_CLASS = YES_ERROR;
				CLANG_WARN_QUOTED_INCLUDE_IN_FRAMEWORK_HEADER = YES;
				CLANG_WARN_RANGE_LOOP_ANALYSIS = YES;
				CLANG_WARN_STRICT_PROTOTYPES = YES;
				CLANG_WARN_SUSPICIOUS_MOVE = YES;
				CLANG_WARN_UNGUARDED_AVAILABILITY = YES_AGGRESSIVE;
				CLANG_WARN_UNREACHABLE_CODE = YES;
				CLANG_WARN__DUPLICATE_METHOD_MATCH = YES;
				COPY_PHASE_STRIP = NO;
				DEBUG_INFORMATION_FORMAT = "dwarf-with-dsym";
				ENABLE_NS_ASSERTIONS = NO;
				ENABLE_STRICT_OBJC_MSGSEND = YES;
				GCC_C_LANGUAGE_STANDARD = gnu11;
				GCC_NO_COMMON_BLOCKS = YES;
				GCC_WARN_64_TO_32_BIT_CONVERSION = YES;
				GCC_WARN_ABOUT_RETURN_TYPE = YES_ERROR;
				GCC_WARN_UNDECLARED_SELECTOR = YES;
				GCC_WARN_UNINITIALIZED_AUTOS = YES_AGGRESSIVE;
				GCC_WARN_UNUSED_FUNCTION = YES;
				GCC_WARN_UNUSED_VARIABLE = YES;
				IPHONEOS_DEPLOYMENT_TARGET = 15.5;
				MTL_ENABLE_DEBUG_INFO = NO;
				MTL_FAST_MATH = YES;
				SDKROOT = iphoneos;
				SWIFT_COMPILATION_MODE = wholemodule;
				SWIFT_OPTIMIZATION_LEVEL = "-O";
				VALIDATE_PRODUCT = YES;
			};
			name = Release;
		};
		2290A8B4288736190045D9B4 /* Debug */ = {
			isa = XCBuildConfiguration;
			buildSettings = {
				ASSETCATALOG_COMPILER_APPICON_NAME = AppIcon;
				ASSETCATALOG_COMPILER_GLOBAL_ACCENT_COLOR_NAME = AccentColor;
				CODE_SIGN_STYLE = Automatic;
				CURRENT_PROJECT_VERSION = 1;
				DEVELOPMENT_TEAM = H456X98Q5T;
				GENERATE_INFOPLIST_FILE = YES;
				INFOPLIST_FILE = PhotoTabbs/Info.plist;
				INFOPLIST_KEY_UIApplicationSupportsIndirectInputEvents = YES;
				INFOPLIST_KEY_UILaunchStoryboardName = LaunchScreen;
				INFOPLIST_KEY_UIMainStoryboardFile = Main;
				INFOPLIST_KEY_UISupportedInterfaceOrientations_iPad = "UIInterfaceOrientationPortrait UIInterfaceOrientationPortraitUpsideDown UIInterfaceOrientationLandscapeLeft UIInterfaceOrientationLandscapeRight";
				INFOPLIST_KEY_UISupportedInterfaceOrientations_iPhone = "UIInterfaceOrientationPortrait UIInterfaceOrientationLandscapeLeft UIInterfaceOrientationLandscapeRight";
				LD_RUNPATH_SEARCH_PATHS = (
					"$(inherited)",
					"@executable_path/Frameworks",
				);
				MARKETING_VERSION = 1.0;
				PRODUCT_BUNDLE_IDENTIFIER = holog.PhotoTabbs;
				PRODUCT_NAME = "$(TARGET_NAME)";
				SWIFT_EMIT_LOC_STRINGS = YES;
				SWIFT_VERSION = 5.0;
				TARGETED_DEVICE_FAMILY = "1,2";
			};
			name = Debug;
		};
		2290A8B5288736190045D9B4 /* Release */ = {
			isa = XCBuildConfiguration;
			buildSettings = {
				ASSETCATALOG_COMPILER_APPICON_NAME = AppIcon;
				ASSETCATALOG_COMPILER_GLOBAL_ACCENT_COLOR_NAME = AccentColor;
				CODE_SIGN_STYLE = Automatic;
				CURRENT_PROJECT_VERSION = 1;
				DEVELOPMENT_TEAM = H456X98Q5T;
				GENERATE_INFOPLIST_FILE = YES;
				INFOPLIST_FILE = PhotoTabbs/Info.plist;
				INFOPLIST_KEY_UIApplicationSupportsIndirectInputEvents = YES;
				INFOPLIST_KEY_UILaunchStoryboardName = LaunchScreen;
				INFOPLIST_KEY_UIMainStoryboardFile = Main;
				INFOPLIST_KEY_UISupportedInterfaceOrientations_iPad = "UIInterfaceOrientationPortrait UIInterfaceOrientationPortraitUpsideDown UIInterfaceOrientationLandscapeLeft UIInterfaceOrientationLandscapeRight";
				INFOPLIST_KEY_UISupportedInterfaceOrientations_iPhone = "UIInterfaceOrientationPortrait UIInterfaceOrientationLandscapeLeft UIInterfaceOrientationLandscapeRight";
				LD_RUNPATH_SEARCH_PATHS = (
					"$(inherited)",
					"@executable_path/Frameworks",
				);
				MARKETING_VERSION = 1.0;
				PRODUCT_BUNDLE_IDENTIFIER = holog.PhotoTabbs;
				PRODUCT_NAME = "$(TARGET_NAME)";
				SWIFT_EMIT_LOC_STRINGS = YES;
				SWIFT_VERSION = 5.0;
				TARGETED_DEVICE_FAMILY = "1,2";
			};
			name = Release;
		};
/* End XCBuildConfiguration section */

/* Begin XCConfigurationList section */
		2290A89A288736140045D9B4 /* Build configuration list for PBXProject "PhotoTabbs" */ = {
			isa = XCConfigurationList;
			buildConfigurations = (
				2290A8B1288736190045D9B4 /* Debug */,
				2290A8B2288736190045D9B4 /* Release */,
			);
			defaultConfigurationIsVisible = 0;
			defaultConfigurationName = Release;
		};
		2290A8B3288736190045D9B4 /* Build configuration list for PBXNativeTarget "PhotoTabbs" */ = {
			isa = XCConfigurationList;
			buildConfigurations = (
				2290A8B4288736190045D9B4 /* Debug */,
				2290A8B5288736190045D9B4 /* Release */,
			);
			defaultConfigurationIsVisible = 0;
			defaultConfigurationName = Release;
		};
/* End XCConfigurationList section */
	};
	rootObject = 2290A897288736140045D9B4 /* Project object */;
}
